PODS:
  - TaboolaSDK (2.1.3-7-beta)

DEPENDENCIES:
  - TaboolaSDK (= 2.1.3-7-beta)

SPEC REPOS:
  https://github.com/taboola/taboola-cocopods.git:
    - TaboolaSDK

SPEC CHECKSUMS:
  TaboolaSDK: f42de8462e4b0796cbd131718e1b4a99c44fee21

PODFILE CHECKSUM: 5e2c8e27dea5aa4162669d729df43b17de22a403

COCOAPODS: 1.6.0.beta.2
