PODS:
  - TaboolaSDK (2.3.7-26-beta)

DEPENDENCIES:
  - TaboolaSDK (= 2.3.7-26-beta)

SPEC REPOS:
  https://github.com/taboola/taboola-cocopods.git:
    - TaboolaSDK

SPEC CHECKSUMS:
  TaboolaSDK: e13f7e656ce385cdbf882fae1e392041709530ed

PODFILE CHECKSUM: ffd9cfdb51aa44066d1879491458e1e027dde6bc

COCOAPODS: 1.8.4
